
Microsoft Visual Studio Solution File, Format Version 12.00
# Visual Studio Version 17
VisualStudioVersion = 17.5.002.0
MinimumVisualStudioVersion = 10.0.40219.1
Project("{9A19103F-16F7-4668-BE54-9A1E7A4F7556}") = "Play - Backup.Catalog.Service", "Play - Backup.Catalog.Service.csproj", "{997CE509-7B7C-47C1-BD8E-66D3F675704D}"
EndProject
Project("{9A19103F-16F7-4668-BE54-9A1E7A4F7556}") = "Play.Catalog.Service", "Play.Catalog.Service.csproj", "{930206F1-FBF2-45C2-A8DC-3F6E711166C9}"
EndProject
Global
	GlobalSection(SolutionConfigurationPlatforms) = preSolution
		Debug|Any CPU = Debug|Any CPU
		Release|Any CPU = Release|Any CPU
	EndGlobalSection
	GlobalSection(ProjectConfigurationPlatforms) = postSolution
		{997CE509-7B7C-47C1-BD8E-66D3F675704D}.Debug|Any CPU.ActiveCfg = Debug|Any CPU
		{997CE509-7B7C-47C1-BD8E-66D3F675704D}.Debug|Any CPU.Build.0 = Debug|Any CPU
		{997CE509-7B7C-47C1-BD8E-66D3F675704D}.Release|Any CPU.ActiveCfg = Release|Any CPU
		{997CE509-7B7C-47C1-BD8E-66D3F675704D}.Release|Any CPU.Build.0 = Release|Any CPU
		{930206F1-FBF2-45C2-A8DC-3F6E711166C9}.Debug|Any CPU.ActiveCfg = Debug|Any CPU
		{930206F1-FBF2-45C2-A8DC-3F6E711166C9}.Debug|Any CPU.Build.0 = Debug|Any CPU
		{930206F1-FBF2-45C2-A8DC-3F6E711166C9}.Release|Any CPU.ActiveCfg = Release|Any CPU
		{930206F1-FBF2-45C2-A8DC-3F6E711166C9}.Release|Any CPU.Build.0 = Release|Any CPU
	EndGlobalSection
	GlobalSection(SolutionProperties) = preSolution
		HideSolutionNode = FALSE
	EndGlobalSection
	GlobalSection(ExtensibilityGlobals) = postSolution
		SolutionGuid = {9C1EF822-7EF4-4647-AFE0-B94CBC354C47}
	EndGlobalSection
EndGlobal
